{
  "name": "@srcmap/gen-mapping",
  "version": "0.2.2",
  "lockfileVersion": 3,
  "requires": true,
  "packages": {
    "": {
      "name": "@srcmap/gen-mapping",
      "version": "0.2.2",
      "license": "MIT",
      "dependencies": {
        "@srcmap/generator-wasm": "0.2.2",
        "@srcmap/sourcemap-wasm": "0.2.2"
      }
    },
    "node_modules/@srcmap/generator-wasm": {
      "version": "0.2.2",
      "resolved": "https://registry.npmjs.org/@srcmap/generator-wasm/-/generator-wasm-0.2.2.tgz",
      "integrity": "sha512-eCc3d+RWV7TTomzf3FX2axvnrk72cKM7SvV2l/HA5PKBkDQkpN6CITygAbxluzFhmQIcl9c02zb9h/s1Qq+7hg==",
      "license": "MIT"
    },
    "node_modules/@srcmap/sourcemap-wasm": {
      "version": "0.2.2",
      "resolved": "https://registry.npmjs.org/@srcmap/sourcemap-wasm/-/sourcemap-wasm-0.2.2.tgz",
      "integrity": "sha512-DDdwfJh5b0RrZWZv+rgx2dbU+odnQ/Nb/XpJ0XuWbr2xR+KkV3vyAWoU/lWrZif2H0UQR7Lv9HKDjnxLHxKhfQ==",
      "license": "MIT"
    }
  }
}
